
Microsoft Visual Studio Solution File, Format Version 12.00
Project("{FAE04EC0-301F-11D3-BF4B-00C04F79EFBC}") = "SAASApp", "SAASApp\SAASApp.csproj", "{8D6BB081-3318-4FB2-95BD-56E0121FC21A}"
EndProject
Global
	GlobalSection(SolutionConfigurationPlatforms) = preSolution
		Debug|Any CPU = Debug|Any CPU
		Release|Any CPU = Release|Any CPU
	EndGlobalSection
	GlobalSection(ProjectConfigurationPlatforms) = postSolution
		{8D6BB081-3318-4FB2-95BD-56E0121FC21A}.Debug|Any CPU.ActiveCfg = Debug|Any CPU
		{8D6BB081-3318-4FB2-95BD-56E0121FC21A}.Debug|Any CPU.Build.0 = Debug|Any CPU
		{8D6BB081-3318-4FB2-95BD-56E0121FC21A}.Release|Any CPU.ActiveCfg = Release|Any CPU
		{8D6BB081-3318-4FB2-95BD-56E0121FC21A}.Release|Any CPU.Build.0 = Release|Any CPU
	EndGlobalSection
EndGlobal
